
Microsoft Visual Studio Solution File, Format Version 12.00
# Visual Studio Version 16
VisualStudioVersion = 16.0.30204.135
MinimumVisualStudioVersion = 10.0.40219.1
Project("{FAE04EC0-301F-11D3-BF4B-00C04F79EFBC}") = "SignalRLiveGrid", "SignalRLiveGrid\SignalRLiveGrid.csproj", "{064F29EC-9C70-484F-BA9F-A8884E054FD9}"
EndProject
Global
	GlobalSection(SolutionConfigurationPlatforms) = preSolution
		Debug|Any CPU = Debug|Any CPU
		Release|Any CPU = Release|Any CPU
	EndGlobalSection
	GlobalSection(ProjectConfigurationPlatforms) = postSolution
		{064F29EC-9C70-484F-BA9F-A8884E054FD9}.Debug|Any CPU.ActiveCfg = Debug|Any CPU
		{064F29EC-9C70-484F-BA9F-A8884E054FD9}.Debug|Any CPU.Build.0 = Debug|Any CPU
		{064F29EC-9C70-484F-BA9F-A8884E054FD9}.Release|Any CPU.ActiveCfg = Release|Any CPU
		{064F29EC-9C70-484F-BA9F-A8884E054FD9}.Release|Any CPU.Build.0 = Release|Any CPU
	EndGlobalSection
	GlobalSection(SolutionProperties) = preSolution
		HideSolutionNode = FALSE
	EndGlobalSection
	GlobalSection(ExtensibilityGlobals) = postSolution
		SolutionGuid = {FFB2EAF1-5BF8-481C-84F7-A08C88695CA1}
	EndGlobalSection
EndGlobal
